
Microsoft Visual Studio Solution File, Format Version 12.00
Project("{2150E333-8FDC-42A3-9474-1A3956D46DE8}") = "src", "src", "{D1B1A541-A497-4848-97F6-377D3D1C381E}"
EndProject
Project("{FAE04EC0-301F-11D3-BF4B-00C04F79EFBC}") = "BetPlay.Api", "src\BetPlay.Api\BetPlay.Api.csproj", "{6C5DAA58-A9E5-4F41-94BA-643410FD9B39}"
EndProject
Project("{FAE04EC0-301F-11D3-BF4B-00C04F79EFBC}") = "BetPlay.Validators", "src\BetPlay.Validators\BetPlay.Validators.csproj", "{9A6240BA-CBD3-403D-892C-9F319F8B31F6}"
EndProject
Project("{FAE04EC0-301F-11D3-BF4B-00C04F79EFBC}") = "BetPlay.Requests", "src\BetPlay.Requests\BetPlay.Requests.csproj", "{A7B6ADC2-386F-49B4-9CF4-C277336DAE65}"
EndProject
Project("{FAE04EC0-301F-11D3-BF4B-00C04F79EFBC}") = "BetPlay.RequestHandlers", "src\BetPlay.RequestHandlers\BetPlay.RequestHandlers.csproj", "{1319B41C-2A76-4FC2-8411-37AD5B3B2C56}"
EndProject
Project("{FAE04EC0-301F-11D3-BF4B-00C04F79EFBC}") = "BetPlay.Responses", "src\BetPlay.Responses\BetPlay.Responses.csproj", "{FBF3F081-AB84-4E30-8E85-6D505683635D}"
EndProject
Project("{FAE04EC0-301F-11D3-BF4B-00C04F79EFBC}") = "BetPlay.Infrastructure.EfCore", "src\BetPlay.Infrastructure.EfCore\BetPlay.Infrastructure.EfCore.csproj", "{BF573B62-A72D-468C-BED0-293851A92086}"
EndProject
Project("{FAE04EC0-301F-11D3-BF4B-00C04F79EFBC}") = "BetPlay.Infrastructure.ApiSport", "src\BetPlay.Infrastructure.ApiSport\BetPlay.Infrastructure.ApiSport.csproj", "{28BB561E-EC14-4F50-8FF8-2FFEC2C7E70B}"
EndProject
Project("{FAE04EC0-301F-11D3-BF4B-00C04F79EFBC}") = "BetPlay.Domain", "src\BetPlay.Domain\BetPlay.Domain.csproj", "{E835D109-C2A1-459A-B2BB-F7F7757217CB}"
EndProject
Project("{FAE04EC0-301F-11D3-BF4B-00C04F79EFBC}") = "BetPlay.ApiSport.Dto", "src\BetPlay.ApiSport.Dto\BetPlay.ApiSport.Dto.csproj", "{C90B5D79-5796-4B37-923A-016C5CE29CB2}"
EndProject
Project("{FAE04EC0-301F-11D3-BF4B-00C04F79EFBC}") = "BetPlay.Options", "src\BetPlay.Options\BetPlay.Options.csproj", "{9CB312F8-0878-4D24-9D13-E39481521C68}"
EndProject
Project("{FAE04EC0-301F-11D3-BF4B-00C04F79EFBC}") = "BetPlay.Dto", "src\BetPlay.Dto\BetPlay.Dto.csproj", "{2764577B-CAE2-4CB1-A2D9-0CCE1E03544E}"
EndProject
Global
	GlobalSection(SolutionConfigurationPlatforms) = preSolution
		Debug|Any CPU = Debug|Any CPU
		Release|Any CPU = Release|Any CPU
	EndGlobalSection
	GlobalSection(NestedProjects) = preSolution
		{6C5DAA58-A9E5-4F41-94BA-643410FD9B39} = {D1B1A541-A497-4848-97F6-377D3D1C381E}
		{9A6240BA-CBD3-403D-892C-9F319F8B31F6} = {D1B1A541-A497-4848-97F6-377D3D1C381E}
		{A7B6ADC2-386F-49B4-9CF4-C277336DAE65} = {D1B1A541-A497-4848-97F6-377D3D1C381E}
		{1319B41C-2A76-4FC2-8411-37AD5B3B2C56} = {D1B1A541-A497-4848-97F6-377D3D1C381E}
		{FBF3F081-AB84-4E30-8E85-6D505683635D} = {D1B1A541-A497-4848-97F6-377D3D1C381E}
		{BF573B62-A72D-468C-BED0-293851A92086} = {D1B1A541-A497-4848-97F6-377D3D1C381E}
		{28BB561E-EC14-4F50-8FF8-2FFEC2C7E70B} = {D1B1A541-A497-4848-97F6-377D3D1C381E}
		{E835D109-C2A1-459A-B2BB-F7F7757217CB} = {D1B1A541-A497-4848-97F6-377D3D1C381E}
		{C90B5D79-5796-4B37-923A-016C5CE29CB2} = {D1B1A541-A497-4848-97F6-377D3D1C381E}
		{9CB312F8-0878-4D24-9D13-E39481521C68} = {D1B1A541-A497-4848-97F6-377D3D1C381E}
		{2764577B-CAE2-4CB1-A2D9-0CCE1E03544E} = {D1B1A541-A497-4848-97F6-377D3D1C381E}
	EndGlobalSection
	GlobalSection(ProjectConfigurationPlatforms) = postSolution
		{6C5DAA58-A9E5-4F41-94BA-643410FD9B39}.Debug|Any CPU.ActiveCfg = Debug|Any CPU
		{6C5DAA58-A9E5-4F41-94BA-643410FD9B39}.Debug|Any CPU.Build.0 = Debug|Any CPU
		{6C5DAA58-A9E5-4F41-94BA-643410FD9B39}.Release|Any CPU.ActiveCfg = Release|Any CPU
		{6C5DAA58-A9E5-4F41-94BA-643410FD9B39}.Release|Any CPU.Build.0 = Release|Any CPU
		{9A6240BA-CBD3-403D-892C-9F319F8B31F6}.Debug|Any CPU.ActiveCfg = Debug|Any CPU
		{9A6240BA-CBD3-403D-892C-9F319F8B31F6}.Debug|Any CPU.Build.0 = Debug|Any CPU
		{9A6240BA-CBD3-403D-892C-9F319F8B31F6}.Release|Any CPU.ActiveCfg = Release|Any CPU
		{9A6240BA-CBD3-403D-892C-9F319F8B31F6}.Release|Any CPU.Build.0 = Release|Any CPU
		{A7B6ADC2-386F-49B4-9CF4-C277336DAE65}.Debug|Any CPU.ActiveCfg = Debug|Any CPU
		{A7B6ADC2-386F-49B4-9CF4-C277336DAE65}.Debug|Any CPU.Build.0 = Debug|Any CPU
		{A7B6ADC2-386F-49B4-9CF4-C277336DAE65}.Release|Any CPU.ActiveCfg = Release|Any CPU
		{A7B6ADC2-386F-49B4-9CF4-C277336DAE65}.Release|Any CPU.Build.0 = Release|Any CPU
		{1319B41C-2A76-4FC2-8411-37AD5B3B2C56}.Debug|Any CPU.ActiveCfg = Debug|Any CPU
		{1319B41C-2A76-4FC2-8411-37AD5B3B2C56}.Debug|Any CPU.Build.0 = Debug|Any CPU
		{1319B41C-2A76-4FC2-8411-37AD5B3B2C56}.Release|Any CPU.ActiveCfg = Release|Any CPU
		{1319B41C-2A76-4FC2-8411-37AD5B3B2C56}.Release|Any CPU.Build.0 = Release|Any CPU
		{FBF3F081-AB84-4E30-8E85-6D505683635D}.Debug|Any CPU.ActiveCfg = Debug|Any CPU
		{FBF3F081-AB84-4E30-8E85-6D505683635D}.Debug|Any CPU.Build.0 = Debug|Any CPU
		{FBF3F081-AB84-4E30-8E85-6D505683635D}.Release|Any CPU.ActiveCfg = Release|Any CPU
		{FBF3F081-AB84-4E30-8E85-6D505683635D}.Release|Any CPU.Build.0 = Release|Any CPU
		{BF573B62-A72D-468C-BED0-293851A92086}.Debug|Any CPU.ActiveCfg = Debug|Any CPU
		{BF573B62-A72D-468C-BED0-293851A92086}.Debug|Any CPU.Build.0 = Debug|Any CPU
		{BF573B62-A72D-468C-BED0-293851A92086}.Release|Any CPU.ActiveCfg = Release|Any CPU
		{BF573B62-A72D-468C-BED0-293851A92086}.Release|Any CPU.Build.0 = Release|Any CPU
		{28BB561E-EC14-4F50-8FF8-2FFEC2C7E70B}.Debug|Any CPU.ActiveCfg = Debug|Any CPU
		{28BB561E-EC14-4F50-8FF8-2FFEC2C7E70B}.Debug|Any CPU.Build.0 = Debug|Any CPU
		{28BB561E-EC14-4F50-8FF8-2FFEC2C7E70B}.Release|Any CPU.ActiveCfg = Release|Any CPU
		{28BB561E-EC14-4F50-8FF8-2FFEC2C7E70B}.Release|Any CPU.Build.0 = Release|Any CPU
		{E835D109-C2A1-459A-B2BB-F7F7757217CB}.Debug|Any CPU.ActiveCfg = Debug|Any CPU
		{E835D109-C2A1-459A-B2BB-F7F7757217CB}.Debug|Any CPU.Build.0 = Debug|Any CPU
		{E835D109-C2A1-459A-B2BB-F7F7757217CB}.Release|Any CPU.ActiveCfg = Release|Any CPU
		{E835D109-C2A1-459A-B2BB-F7F7757217CB}.Release|Any CPU.Build.0 = Release|Any CPU
		{C90B5D79-5796-4B37-923A-016C5CE29CB2}.Debug|Any CPU.ActiveCfg = Debug|Any CPU
		{C90B5D79-5796-4B37-923A-016C5CE29CB2}.Debug|Any CPU.Build.0 = Debug|Any CPU
		{C90B5D79-5796-4B37-923A-016C5CE29CB2}.Release|Any CPU.ActiveCfg = Release|Any CPU
		{C90B5D79-5796-4B37-923A-016C5CE29CB2}.Release|Any CPU.Build.0 = Release|Any CPU
		{9CB312F8-0878-4D24-9D13-E39481521C68}.Debug|Any CPU.ActiveCfg = Debug|Any CPU
		{9CB312F8-0878-4D24-9D13-E39481521C68}.Debug|Any CPU.Build.0 = Debug|Any CPU
		{9CB312F8-0878-4D24-9D13-E39481521C68}.Release|Any CPU.ActiveCfg = Release|Any CPU
		{9CB312F8-0878-4D24-9D13-E39481521C68}.Release|Any CPU.Build.0 = Release|Any CPU
		{2764577B-CAE2-4CB1-A2D9-0CCE1E03544E}.Debug|Any CPU.ActiveCfg = Debug|Any CPU
		{2764577B-CAE2-4CB1-A2D9-0CCE1E03544E}.Debug|Any CPU.Build.0 = Debug|Any CPU
		{2764577B-CAE2-4CB1-A2D9-0CCE1E03544E}.Release|Any CPU.ActiveCfg = Release|Any CPU
		{2764577B-CAE2-4CB1-A2D9-0CCE1E03544E}.Release|Any CPU.Build.0 = Release|Any CPU
	EndGlobalSection
EndGlobal
